{
    "_meta": {
        "hash": {
            "sha256": "3d342552723d8c5cca23fb49deef11c16d66e8a73f5bbb44d51de798c73a6d6d"
        },
        "pipfile-spec": 6,
        "requires": {},
        "sources": [
            {
                "name": "pypi",
                "url": "https://pypi.org/simple",
                "verify_ssl": true
            }
        ]
    },
    "default": {
        "alembic": {
            "hashes": [
                "sha256:4e02ed2aa796bd179965041afa092c55b51fb077de19d61835673cc80672c01c",
                "sha256:5334f32314fb2a56d86b4c4dd1ae34b08c03cae4cb888bc699942104d66bc245"
            ],
            "index": "pypi",
            "version": "==1.4.3"
        },
        "arrow": {
            "hashes": [
                "sha256:e098abbd9af3665aea81bdd6c869e93af4feb078e98468dd351c383af187aac5",
                "sha256:ff08d10cda1d36c68657d6ad20d74fbea493d980f8b2d45344e00d6ed2bf6ed4"
            ],
            "index": "pypi",
            "version": "==0.17.0"
        },
        "attrs": {
            "hashes": [
                "sha256:31b2eced602aa8423c2aea9c76a724617ed67cf9513173fd3a4f03e3a929c7e6",
                "sha256:832aa3cde19744e49938b91fea06d69ecb9e649c93ba974535d08ad92164f700"
            ],
            "markers": "python_version >= '2.7' and python_version not in '3.0, 3.1, 3.2, 3.3'",
            "version": "==20.3.0"
        },
        "b2sdk": {
            "hashes": [
                "sha256:af53e2449414b772a0bd6fad311d98a171c3693f77ebca933499946e786715ae"
            ],
            "index": "pypi",
            "version": "==1.3.0"
        },
        "babel": {
            "hashes": [
                "sha256:9d35c22fcc79893c3ecc85ac4a56cde1ecf3f19c540bba0922308a6c06ca6fa5",
                "sha256:da031ab54472314f210b0adcff1588ee5d1d1d0ba4dbd07b94dba82bde791e05"
            ],
            "index": "pypi",
            "version": "==2.9.0"
        },
        "boto3": {
            "hashes": [
                "sha256:05796ba6c65f79214ea61becae5126d5c924eed8a11874bc5536d611deabbe47",
                "sha256:50c2475cc6c38f7ff24c3e0ca8f7eaf787ce740499198043e05e6f13ac2e919f"
            ],
            "index": "pypi",
            "version": "==1.16.47"
        },
        "botocore": {
            "hashes": [
                "sha256:15584a86d6cb1f94ea785e8d3c98faeff8ddd0105356e1c106118d9ac12fa891",
                "sha256:4989ff6ca4104f641d966f6bb2f3c4207f1a7a8d879b2e21224c7713dd9dc9b8"
            ],
            "index": "pypi",
            "version": "==1.19.47"
        },
        "certifi": {
            "hashes": [
                "sha256:1a4995114262bffbc2413b159f2a1a480c969de6e6eb13ee966d470af86af59c",
                "sha256:719a74fb9e33b9bd44cc7f3a8d94bc35e4049deebe19ba7d8e108280cfd59830"
            ],
            "version": "==2020.12.5"
        },
        "chardet": {
            "hashes": [
                "sha256:0d6f53a15db4120f2b08c94f11e7d93d2c911ee118b6b30a04ec3ee8310179fa",
                "sha256:f864054d66fd9118f2e67044ac8981a54775ec5b67aed0441892edb553d21da5"
            ],
            "markers": "python_version >= '2.7' and python_version not in '3.0, 3.1, 3.2, 3.3, 3.4'",
            "version": "==4.0.0"
        },
        "click": {
            "hashes": [
                "sha256:d2b5255c7c6349bc1bd1e59e08cd12acbbd63ce649f2588755783aa94dfb6b1a",
                "sha256:dacca89f4bfadd5de3d7489b7c8a566eee0d3676333fbb50030263894c38c0dc"
            ],
            "markers": "python_version >= '2.7' and python_version not in '3.0, 3.1, 3.2, 3.3, 3.4'",
            "version": "==7.1.2"
        },
        "clickclick": {
            "hashes": [
                "sha256:4efb13e62353e34c5eef7ed6582c4920b418d7dedc86d819e22ee089ba01802c",
                "sha256:c8f33e6d9ec83f68416dd2136a7950125bd256ec39ccc9a85c6e280a16be2bb5"
            ],
            "version": "==20.10.2"
        },
        "connexion": {
            "extras": [
                "swagger-ui"
            ],
            "hashes": [
                "sha256:1ccfac57d4bb7adf4295ba6f5e48f5a1f66057df6a0713417766c9b5235182ee",
                "sha256:5439e9659a89c4380d93a07acfbf3380d70be4130574de8881e5f0dfec7ad0e2"
            ],
            "index": "pypi",
            "version": "==2.7.0"
        },
        "coverage": {
            "hashes": [
                "sha256:03ed2a641e412e42cc35c244508cf186015c217f0e4d496bf6d7078ebe837ae7",
                "sha256:04b14e45d6a8e159c9767ae57ecb34563ad93440fc1b26516a89ceb5b33c1ad5",
                "sha256:0cdde51bfcf6b6bd862ee9be324521ec619b20590787d1655d005c3fb175005f",
                "sha256:0f48fc7dc82ee14aeaedb986e175a429d24129b7eada1b7e94a864e4f0644dde",
                "sha256:107d327071061fd4f4a2587d14c389a27e4e5c93c7cba5f1f59987181903902f",
                "sha256:1375bb8b88cb050a2d4e0da901001347a44302aeadb8ceb4b6e5aa373b8ea68f",
                "sha256:14a9f1887591684fb59fdba8feef7123a0da2424b0652e1b58dd5b9a7bb1188c",
                "sha256:16baa799ec09cc0dcb43a10680573269d407c159325972dd7114ee7649e56c66",
                "sha256:1b811662ecf72eb2d08872731636aee6559cae21862c36f74703be727b45df90",
                "sha256:1ccae21a076d3d5f471700f6d30eb486da1626c380b23c70ae32ab823e453337",
                "sha256:2f2cf7a42d4b7654c9a67b9d091ec24374f7c58794858bff632a2039cb15984d",
                "sha256:322549b880b2d746a7672bf6ff9ed3f895e9c9f108b714e7360292aa5c5d7cf4",
                "sha256:32ab83016c24c5cf3db2943286b85b0a172dae08c58d0f53875235219b676409",
                "sha256:3fe50f1cac369b02d34ad904dfe0771acc483f82a1b54c5e93632916ba847b37",
                "sha256:4a780807e80479f281d47ee4af2eb2df3e4ccf4723484f77da0bb49d027e40a1",
                "sha256:4a8eb7785bd23565b542b01fb39115a975fefb4a82f23d407503eee2c0106247",
                "sha256:5bee3970617b3d74759b2d2df2f6a327d372f9732f9ccbf03fa591b5f7581e39",
                "sha256:60a3307a84ec60578accd35d7f0c71a3a971430ed7eca6567399d2b50ef37b8c",
                "sha256:6625e52b6f346a283c3d563d1fd8bae8956daafc64bb5bbd2b8f8a07608e3994",
                "sha256:66a5aae8233d766a877c5ef293ec5ab9520929c2578fd2069308a98b7374ea8c",
                "sha256:68fb816a5dd901c6aff352ce49e2a0ffadacdf9b6fae282a69e7a16a02dad5fb",
                "sha256:6b588b5cf51dc0fd1c9e19f622457cc74b7d26fe295432e434525f1c0fae02bc",
                "sha256:6c4d7165a4e8f41eca6b990c12ee7f44fef3932fac48ca32cecb3a1b2223c21f",
                "sha256:6d2e262e5e8da6fa56e774fb8e2643417351427604c2b177f8e8c5f75fc928ca",
                "sha256:6d9c88b787638a451f41f97446a1c9fd416e669b4d9717ae4615bd29de1ac135",
                "sha256:755c56beeacac6a24c8e1074f89f34f4373abce8b662470d3aa719ae304931f3",
                "sha256:7e40d3f8eb472c1509b12ac2a7e24158ec352fc8567b77ab02c0db053927e339",
                "sha256:812eaf4939ef2284d29653bcfee9665f11f013724f07258928f849a2306ea9f9",
                "sha256:84df004223fd0550d0ea7a37882e5c889f3c6d45535c639ce9802293b39cd5c9",
                "sha256:859f0add98707b182b4867359e12bde806b82483fb12a9ae868a77880fc3b7af",
                "sha256:87c4b38288f71acd2106f5d94f575bc2136ea2887fdb5dfe18003c881fa6b370",
                "sha256:89fc12c6371bf963809abc46cced4a01ca4f99cba17be5e7d416ed7ef1245d19",
                "sha256:9564ac7eb1652c3701ac691ca72934dd3009997c81266807aef924012df2f4b3",
                "sha256:9754a5c265f991317de2bac0c70a746efc2b695cf4d49f5d2cddeac36544fb44",
                "sha256:a565f48c4aae72d1d3d3f8e8fb7218f5609c964e9c6f68604608e5958b9c60c3",
                "sha256:a636160680c6e526b84f85d304e2f0bb4e94f8284dd765a1911de9a40450b10a",
                "sha256:a839e25f07e428a87d17d857d9935dd743130e77ff46524abb992b962eb2076c",
                "sha256:b62046592b44263fa7570f1117d372ae3f310222af1fc1407416f037fb3af21b",
                "sha256:b7f7421841f8db443855d2854e25914a79a1ff48ae92f70d0a5c2f8907ab98c9",
                "sha256:ba7ca81b6d60a9f7a0b4b4e175dcc38e8fef4992673d9d6e6879fd6de00dd9b8",
                "sha256:bb32ca14b4d04e172c541c69eec5f385f9a075b38fb22d765d8b0ce3af3a0c22",
                "sha256:c0ff1c1b4d13e2240821ef23c1efb1f009207cb3f56e16986f713c2b0e7cd37f",
                "sha256:c669b440ce46ae3abe9b2d44a913b5fd86bb19eb14a8701e88e3918902ecd345",
                "sha256:c67734cff78383a1f23ceba3b3239c7deefc62ac2b05fa6a47bcd565771e5880",
                "sha256:c6809ebcbf6c1049002b9ac09c127ae43929042ec1f1dbd8bb1615f7cd9f70a0",
                "sha256:cd601187476c6bed26a0398353212684c427e10a903aeafa6da40c63309d438b",
                "sha256:ebfa374067af240d079ef97b8064478f3bf71038b78b017eb6ec93ede1b6bcec",
                "sha256:fbb17c0d0822684b7d6c09915677a32319f16ff1115df5ec05bdcaaee40b35f3",
                "sha256:fff1f3a586246110f34dc762098b5afd2de88de507559e63553d7da643053786"
            ],
            "index": "pypi",
            "version": "==5.4"
        },
        "docopt": {
            "hashes": [
                "sha256:49b3a825280bd66b3aa83585ef59c4a8c82f2c8a522dbe754a8bc8d08c85c491"
            ],
            "index": "pypi",
            "version": "==0.6.2"
        },
        "dollar-ref": {
            "hashes": [
                "sha256:675a16832d21aa74b0005f6bd66420ac6143c09e15e470f7524c4007540c622e"
            ],
            "index": "pypi",
            "version": "==0.1.3"
        },
        "flake8": {
            "hashes": [
                "sha256:749dbbd6bfd0cf1318af27bf97a14e28e5ff548ef8e5b1566ccfb25a11e7c839",
                "sha256:aadae8761ec651813c24be05c6f7b4680857ef6afaae4651a4eccaef97ce6c3b"
            ],
            "index": "pypi",
            "version": "==3.8.4"
        },
        "flask": {
            "hashes": [
                "sha256:4efa1ae2d7c9865af48986de8aeb8504bf32c7f3d6fdc9353d34b21f4b127060",
                "sha256:8a4fdd8936eba2512e9c85df320a37e694c93945b33ef33c89946a340a238557"
            ],
            "index": "pypi",
            "version": "==1.1.2"
        },
        "flask-babel": {
            "hashes": [
                "sha256:e6820a052a8d344e178cdd36dd4bb8aea09b4bda3d5f9fa9f008df2c7f2f5468",
                "sha256:f9faf45cdb2e1a32ea2ec14403587d4295108f35017a7821a2b1acb8cfd9257d"
            ],
            "index": "pypi",
            "version": "==2.0.0"
        },
        "flask-cors": {
            "hashes": [
                "sha256:74efc975af1194fc7891ff5cd85b0f7478be4f7f59fe158102e91abb72bb4438",
                "sha256:b60839393f3b84a0f3746f6cdca56c1ad7426aa738b70d6c61375857823181de"
            ],
            "index": "pypi",
            "version": "==3.0.10"
        },
        "funcsigs": {
            "hashes": [
                "sha256:330cc27ccbf7f1e992e69fef78261dc7c6569012cf397db8d3de0234e6c937ca",
                "sha256:a7bb0f2cf3a3fd1ab2732cb49eba4252c2af4240442415b4abce3b87022a8f50"
            ],
            "index": "pypi",
            "version": "==1.0.2"
        },
        "idna": {
            "hashes": [
                "sha256:b307872f855b18632ce0c21c5e45be78c0ea7ae4c15c828c20788b26921eb3f6",
                "sha256:b97d804b1e9b523befed77c48dacec60e6dcb0b5391d57af6a65a312a90648c0"
            ],
            "markers": "python_version >= '2.7' and python_version not in '3.0, 3.1, 3.2, 3.3'",
            "version": "==2.10"
        },
        "inflection": {
            "hashes": [
                "sha256:1a29730d366e996aaacffb2f1f1cb9593dc38e2ddd30c91250c6dde09ea9b417",
                "sha256:f38b2b640938a4f35ade69ac3d053042959b62a0f1076a5bbaa1b9526605a8a2"
            ],
            "markers": "python_version >= '3.5'",
            "version": "==0.5.1"
        },
        "isodate": {
            "hashes": [
                "sha256:2e364a3d5759479cdb2d37cce6b9376ea504db2ff90252a2e5b7cc89cc9ff2d8",
                "sha256:aa4d33c06640f5352aca96e4b81afd8ab3b47337cc12089822d6f322ac772c81"
            ],
            "version": "==0.6.0"
        },
        "itsdangerous": {
            "hashes": [
                "sha256:321b033d07f2a4136d3ec762eac9f16a10ccd60f53c0c91af90217ace7ba1f19",
                "sha256:b12271b2047cb23eeb98c8b5622e2e5c5e9abd9784a153e9d8ef9cb4dd09d749"
            ],
            "index": "pypi",
            "version": "==1.1.0"
        },
        "jinja2": {
            "hashes": [
                "sha256:03e47ad063331dd6a3f04a43eddca8a966a26ba0c5b7207a9a9e4e08f1b29419",
                "sha256:a6d58433de0ae800347cab1fa3043cebbabe8baa9d29e668f1c768cb87a333c6"
            ],
            "markers": "python_version >= '2.7' and python_version not in '3.0, 3.1, 3.2, 3.3, 3.4'",
            "version": "==2.11.3"
        },
        "jmespath": {
            "hashes": [
                "sha256:b85d0567b8666149a93172712e68920734333c0ce7e89b78b3e987f71e5ed4f9",
                "sha256:cdf6525904cc597730141d61b36f2e4b8ecc257c420fa2f4549bac2c2d0cb72f"
            ],
            "markers": "python_version >= '2.6' and python_version not in '3.0, 3.1, 3.2, 3.3'",
            "version": "==0.10.0"
        },
        "jsonschema": {
            "hashes": [
                "sha256:4e5b3cf8216f577bee9ce139cbe72eca3ea4f292ec60928ff24758ce626cd163",
                "sha256:c8a85b28d377cc7737e46e2d9f2b4f44ee3c0e1deac6bf46ddefc7187d30797a"
            ],
            "index": "pypi",
            "version": "==3.2.0"
        },
        "logfury": {
            "hashes": [
                "sha256:42da58fbbd4e6fdb9e5b6b9098e94c249ba9cebfae125643329c8636768edcd3",
                "sha256:e0ce7f95bab6e5b2fd835b3d8ff5e226704476671d15340a99b00285f4c2d1fc"
            ],
            "version": "==0.1.2"
        },
        "mako": {
            "hashes": [
                "sha256:17831f0b7087c313c0ffae2bcbbd3c1d5ba9eeac9c38f2eb7b50e8c99fe9d5ab"
            ],
            "markers": "python_version >= '2.7' and python_version not in '3.0, 3.1, 3.2, 3.3'",
            "version": "==1.1.4"
        },
        "markupsafe": {
            "hashes": [
                "sha256:00bc623926325b26bb9605ae9eae8a215691f33cae5df11ca5424f06f2d1f473",
                "sha256:09027a7803a62ca78792ad89403b1b7a73a01c8cb65909cd876f7fcebd79b161",
                "sha256:09c4b7f37d6c648cb13f9230d847adf22f8171b1ccc4d5682398e77f40309235",
                "sha256:1027c282dad077d0bae18be6794e6b6b8c91d58ed8a8d89a89d59693b9131db5",
                "sha256:13d3144e1e340870b25e7b10b98d779608c02016d5184cfb9927a9f10c689f42",
                "sha256:195d7d2c4fbb0ee8139a6cf67194f3973a6b3042d742ebe0a9ed36d8b6f0c07f",
                "sha256:22c178a091fc6630d0d045bdb5992d2dfe14e3259760e713c490da5323866c39",
                "sha256:24982cc2533820871eba85ba648cd53d8623687ff11cbb805be4ff7b4c971aff",
                "sha256:29872e92839765e546828bb7754a68c418d927cd064fd4708fab9fe9c8bb116b",
                "sha256:2beec1e0de6924ea551859edb9e7679da6e4870d32cb766240ce17e0a0ba2014",
                "sha256:3b8a6499709d29c2e2399569d96719a1b21dcd94410a586a18526b143ec8470f",
                "sha256:43a55c2930bbc139570ac2452adf3d70cdbb3cfe5912c71cdce1c2c6bbd9c5d1",
                "sha256:46c99d2de99945ec5cb54f23c8cd5689f6d7177305ebff350a58ce5f8de1669e",
                "sha256:500d4957e52ddc3351cabf489e79c91c17f6e0899158447047588650b5e69183",
                "sha256:535f6fc4d397c1563d08b88e485c3496cf5784e927af890fb3c3aac7f933ec66",
                "sha256:596510de112c685489095da617b5bcbbac7dd6384aeebeda4df6025d0256a81b",
                "sha256:62fe6c95e3ec8a7fad637b7f3d372c15ec1caa01ab47926cfdf7a75b40e0eac1",
                "sha256:6788b695d50a51edb699cb55e35487e430fa21f1ed838122d722e0ff0ac5ba15",
                "sha256:6dd73240d2af64df90aa7c4e7481e23825ea70af4b4922f8ede5b9e35f78a3b1",
                "sha256:6f1e273a344928347c1290119b493a1f0303c52f5a5eae5f16d74f48c15d4a85",
                "sha256:6fffc775d90dcc9aed1b89219549b329a9250d918fd0b8fa8d93d154918422e1",
                "sha256:717ba8fe3ae9cc0006d7c451f0bb265ee07739daf76355d06366154ee68d221e",
                "sha256:79855e1c5b8da654cf486b830bd42c06e8780cea587384cf6545b7d9ac013a0b",
                "sha256:7c1699dfe0cf8ff607dbdcc1e9b9af1755371f92a68f706051cc8c37d447c905",
                "sha256:7fed13866cf14bba33e7176717346713881f56d9d2bcebab207f7a036f41b850",
                "sha256:84dee80c15f1b560d55bcfe6d47b27d070b4681c699c572af2e3c7cc90a3b8e0",
                "sha256:88e5fcfb52ee7b911e8bb6d6aa2fd21fbecc674eadd44118a9cc3863f938e735",
                "sha256:8defac2f2ccd6805ebf65f5eeb132adcf2ab57aa11fdf4c0dd5169a004710e7d",
                "sha256:98bae9582248d6cf62321dcb52aaf5d9adf0bad3b40582925ef7c7f0ed85fceb",
                "sha256:98c7086708b163d425c67c7a91bad6e466bb99d797aa64f965e9d25c12111a5e",
                "sha256:9add70b36c5666a2ed02b43b335fe19002ee5235efd4b8a89bfcf9005bebac0d",
                "sha256:9bf40443012702a1d2070043cb6291650a0841ece432556f784f004937f0f32c",
                "sha256:a6a744282b7718a2a62d2ed9d993cad6f5f585605ad352c11de459f4108df0a1",
                "sha256:acf08ac40292838b3cbbb06cfe9b2cb9ec78fce8baca31ddb87aaac2e2dc3bc2",
                "sha256:ade5e387d2ad0d7ebf59146cc00c8044acbd863725f887353a10df825fc8ae21",
                "sha256:b00c1de48212e4cc9603895652c5c410df699856a2853135b3967591e4beebc2",
                "sha256:b1282f8c00509d99fef04d8ba936b156d419be841854fe901d8ae224c59f0be5",
                "sha256:b1dba4527182c95a0db8b6060cc98ac49b9e2f5e64320e2b56e47cb2831978c7",
                "sha256:b2051432115498d3562c084a49bba65d97cf251f5a331c64a12ee7e04dacc51b",
                "sha256:b7d644ddb4dbd407d31ffb699f1d140bc35478da613b441c582aeb7c43838dd8",
                "sha256:ba59edeaa2fc6114428f1637ffff42da1e311e29382d81b339c1817d37ec93c6",
                "sha256:bf5aa3cbcfdf57fa2ee9cd1822c862ef23037f5c832ad09cfea57fa846dec193",
                "sha256:c8716a48d94b06bb3b2524c2b77e055fb313aeb4ea620c8dd03a105574ba704f",
                "sha256:caabedc8323f1e93231b52fc32bdcde6db817623d33e100708d9a68e1f53b26b",
                "sha256:cd5df75523866410809ca100dc9681e301e3c27567cf498077e8551b6d20e42f",
                "sha256:cdb132fc825c38e1aeec2c8aa9338310d29d337bebbd7baa06889d09a60a1fa2",
                "sha256:d53bc011414228441014aa71dbec320c66468c1030aae3a6e29778a3382d96e5",
                "sha256:d73a845f227b0bfe8a7455ee623525ee656a9e2e749e4742706d80a6065d5e2c",
                "sha256:d9be0ba6c527163cbed5e0857c451fcd092ce83947944d6c14bc95441203f032",
                "sha256:e249096428b3ae81b08327a63a485ad0878de3fb939049038579ac0ef61e17e7",
                "sha256:e8313f01ba26fbbe36c7be1966a7b7424942f670f38e666995b88d012765b9be",
                "sha256:feb7b34d6325451ef96bc0e36e1a6c0c1c64bc1fbec4b854f4529e51887b1621"
            ],
            "markers": "python_version >= '2.7' and python_version not in '3.0, 3.1, 3.2, 3.3'",
            "version": "==1.1.1"
        },
        "mccabe": {
            "hashes": [
                "sha256:ab8a6258860da4b6677da4bd2fe5dc2c659cff31b3ee4f7f5d64e79735b80d42",
                "sha256:dd8d182285a0fe56bace7f45b5e7d1a6ebcbf524e8f3bd87eb0f125271b8831f"
            ],
            "version": "==0.6.1"
        },
        "mock": {
            "hashes": [
                "sha256:122fcb64ee37cfad5b3f48d7a7d51875d7031aaf3d8be7c42e2bee25044eee62",
                "sha256:7d3fbbde18228f4ff2f1f119a45cdffa458b4c0dee32eb4d2bb2f82554bac7bc"
            ],
            "index": "pypi",
            "version": "==4.0.3"
        },
        "openapi-schema-validator": {
            "hashes": [
                "sha256:133ca9a5c9b57f60f9b662a754e2da5b7650e79e10564dbc108c9d65d1e1b430",
                "sha256:dca81e7e710c518b67474fcd35bee9318f0db2fb573fa6143558fce26c7177f6",
                "sha256:e5fa91aceddfa7abc29c8e2e8fd052c5e997204f439a590fea81da5b9b38a255"
            ],
            "markers": "python_version >= '2.7' and python_version not in '3.0, 3.1, 3.2, 3.3, 3.4'",
            "version": "==0.1.3"
        },
        "openapi-spec-validator": {
            "hashes": [
                "sha256:4083fc5aac3e9f751c2a82d4ec5cf3adad5f967d0faf31495d8b56a0b0f9705c",
                "sha256:53ba3d884e98ff2062d5ada025aa590541dcd665b8f81067dc82dd61c0923759",
                "sha256:e11df7c559339027bd04f2399bc82474983129a6a7a6a0421eaa95e2c844d686"
            ],
            "markers": "python_version >= '2.7' and python_version not in '3.0, 3.1, 3.2, 3.3, 3.4'",
            "version": "==0.3.0"
        },
        "passlib": {
            "hashes": [
                "sha256:aa6bca462b8d8bda89c70b382f0c298a20b5560af6cbfa2dce410c0a2fb669f1",
                "sha256:defd50f72b65c5402ab2c573830a6978e5f202ad0d984793c8dde2c4152ebe04"
            ],
            "index": "pypi",
            "version": "==1.7.4"
        },
        "pycodestyle": {
            "hashes": [
                "sha256:2295e7b2f6b5bd100585ebcb1f616591b652db8a741695b3d8f5d28bdc934367",
                "sha256:c58a7d2815e0e8d7972bf1803331fb0152f867bd89adf8a01dfd55085434192e"
            ],
            "markers": "python_version >= '2.7' and python_version not in '3.0, 3.1, 3.2, 3.3'",
            "version": "==2.6.0"
        },
        "pycryptodomex": {
            "hashes": [
                "sha256:15c03ffdac17731b126880622823d30d0a3cc7203cd219e6b9814140a44e7fab",
                "sha256:20fb7f4efc494016eab1bc2f555bc0a12dd5ca61f35c95df8061818ffb2c20a3",
                "sha256:28ee3bcb4d609aea3040cad995a8e2c9c6dc57c12183dadd69e53880c35333b9",
                "sha256:305e3c46f20d019cd57543c255e7ba49e432e275d7c0de8913b6dbe57a851bc8",
                "sha256:3547b87b16aad6afb28c9b3a9cd870e11b5e7b5ac649b74265258d96d8de1130",
                "sha256:3642252d7bfc4403a42050e18ba748bedebd5a998a8cba89665a4f42aea4c380",
                "sha256:404faa3e518f8bea516aae2aac47d4d960397199a15b4bd6f66cad97825469a0",
                "sha256:42669638e4f7937b7141044a2fbd1019caca62bd2cdd8b535f731426ab07bde1",
                "sha256:4632d55a140b28e20be3cd7a3057af52fb747298ff0fd3290d4e9f245b5004ba",
                "sha256:4a88c9383d273bdce3afc216020282c9c5c39ec0bd9462b1a206af6afa377cf0",
                "sha256:4ce1fc1e6d2fd2d6dc197607153327989a128c093e0e94dca63408f506622c3e",
                "sha256:55cf4e99b3ba0122dee570dc7661b97bf35c16aab3e2ccb5070709d282a1c7ab",
                "sha256:5e486cab2dfcfaec934dd4f5d5837f4a9428b690f4d92a3b020fd31d1497ca64",
                "sha256:65ec88c8271448d2ea109d35c1f297b09b872c57214ab7e832e413090d3469a9",
                "sha256:6c95a3361ce70068cf69526a58751f73ddac5ba27a3c2379b057efa2f5338c8c",
                "sha256:73240335f4a1baf12880ebac6df66ab4d3a9212db9f3efe809c36a27280d16f8",
                "sha256:7651211e15109ac0058a49159265d9f6e6423c8a81c65434d3c56d708417a05b",
                "sha256:7b5b7c5896f8172ea0beb283f7f9428e0ab88ec248ce0a5b8c98d73e26267d51",
                "sha256:836fe39282e75311ce4c38468be148f7fac0df3d461c5de58c5ff1ddb8966bac",
                "sha256:871852044f55295449fbf225538c2c4118525093c32f0a6c43c91bed0452d7e3",
                "sha256:892e93f3e7e10c751d6c17fa0dc422f7984cfd5eb6690011f9264dc73e2775fc",
                "sha256:934e460c5058346c6f1d62fdf3db5680fbdfbfd212722d24d8277bf47cd9ebdc",
                "sha256:9736f3f3e1761024200637a080a4f922f5298ad5d780e10dbb5634fe8c65b34c",
                "sha256:a1d38a96da57e6103423a446079ead600b450cf0f8ebf56a231895abf77e7ffc",
                "sha256:a385fceaa0cdb97f0098f1c1e9ec0b46cc09186ddf60ec23538e871b1dddb6dc",
                "sha256:a7cf1c14e47027d9fb9d26aa62e5d603994227bd635e58a8df4b1d2d1b6a8ed7",
                "sha256:a9aac1a30b00b5038d3d8e48248f3b58ea15c827b67325c0d18a447552e30fc8",
                "sha256:b696876ee583d15310be57311e90e153a84b7913ac93e6b99675c0c9867926d0",
                "sha256:bef9e9d39393dc7baec39ba4bac6c73826a4db02114cdeade2552a9d6afa16e2",
                "sha256:c885fe4d5f26ce8ca20c97d02e88f5fdd92c01e1cc771ad0951b21e1641faf6d",
                "sha256:d2d1388595cb5d27d9220d5cbaff4f37c6ec696a25882eb06d224d241e6e93fb",
                "sha256:d2e853e0f9535e693fade97768cf7293f3febabecc5feb1e9b2ffdfe1044ab96",
                "sha256:d62fbab185a6b01c5469eda9f0795f3d1a5bba24f5a5813f362e4b73a3c4dc70",
                "sha256:f20a62397e09704049ce9007bea4f6bad965ba9336a760c6f4ef1b4192e12d6d",
                "sha256:f81f7311250d9480e36dec819127897ae772e7e8de07abfabe931b8566770b8e"
            ],
            "index": "pypi",
            "version": "==3.9.9"
        },
        "pyflakes": {
            "hashes": [
                "sha256:0d94e0e05a19e57a99444b6ddcf9a6eb2e5c68d3ca1e98e90707af8152c90a92",
                "sha256:35b2d75ee967ea93b55750aa9edbbf72813e06a66ba54438df2cfac9e3c27fc8"
            ],
            "markers": "python_version >= '2.7' and python_version not in '3.0, 3.1, 3.2, 3.3'",
            "version": "==2.2.0"
        },
        "pyjwt": {
            "hashes": [
                "sha256:5c6eca3c2940464d106b99ba83b00c6add741c9becaec087fb7ccdefea71350e",
                "sha256:8d59a976fb773f3e6a39c85636357c4f0e242707394cadadd9814f5cbaa20e96"
            ],
            "index": "pypi",
            "version": "==1.7.1"
        },
        "pymysql": {
            "hashes": [
                "sha256:41fc3a0c5013d5f039639442321185532e3e2c8924687abe6537de157d403641",
                "sha256:816927a350f38d56072aeca5dfb10221fe1dc653745853d30a216637f5d7ad36"
            ],
            "index": "pypi",
            "version": "==1.0.2"
        },
        "pyrsistent": {
            "hashes": [
                "sha256:2e636185d9eb976a18a8a8e96efce62f2905fea90041958d8cc2a189756ebf3e"
            ],
            "markers": "python_version >= '3.5'",
            "version": "==0.17.3"
        },
        "python-dateutil": {
            "hashes": [
                "sha256:73ebfe9dbf22e832286dafa60473e4cd239f8592f699aa5adaf10050e6e1823c",
                "sha256:75bb3f31ea686f1197762692a9ee6a7550b59fc6ca3a1f4b5d7e32fb98e2da2a"
            ],
            "index": "pypi",
            "version": "==2.8.1"
        },
        "python-editor": {
            "hashes": [
                "sha256:1bf6e860a8ad52a14c3ee1252d5dc25b2030618ed80c022598f00176adc8367d",
                "sha256:51fda6bcc5ddbbb7063b2af7509e43bd84bfc32a4ff71349ec7847713882327b",
                "sha256:5f98b069316ea1c2ed3f67e7f5df6c0d8f10b689964a4a811ff64f0106819ec8",
                "sha256:c3da2053dbab6b29c94e43c486ff67206eafbe7eb52dbec7390b5e2fb05aac77",
                "sha256:ea87e17f6ec459e780e4221f295411462e0d0810858e055fc514684350a2f522"
            ],
            "version": "==1.0.4"
        },
        "pytz": {
            "hashes": [
                "sha256:83a4a90894bf38e243cf052c8b58f381bfe9a7a483f6a9cab140bc7f702ac4da",
                "sha256:eb10ce3e7736052ed3623d49975ce333bcd712c7bb19a58b9e2089d4057d0798"
            ],
            "index": "pypi",
            "version": "==2021.1"
        },
        "pyyaml": {
            "hashes": [
                "sha256:08682f6b72c722394747bddaf0aa62277e02557c0fd1c42cb853016a38f8dedf",
                "sha256:0f5f5786c0e09baddcd8b4b45f20a7b5d61a7e7e99846e3c799b05c7c53fa696",
                "sha256:129def1b7c1bf22faffd67b8f3724645203b79d8f4cc81f674654d9902cb4393",
                "sha256:294db365efa064d00b8d1ef65d8ea2c3426ac366c0c4368d930bf1c5fb497f77",
                "sha256:3b2b1824fe7112845700f815ff6a489360226a5609b96ec2190a45e62a9fc922",
                "sha256:3bd0e463264cf257d1ffd2e40223b197271046d09dadf73a0fe82b9c1fc385a5",
                "sha256:4465124ef1b18d9ace298060f4eccc64b0850899ac4ac53294547536533800c8",
                "sha256:49d4cdd9065b9b6e206d0595fee27a96b5dd22618e7520c33204a4a3239d5b10",
                "sha256:4e0583d24c881e14342eaf4ec5fbc97f934b999a6828693a99157fde912540cc",
                "sha256:5accb17103e43963b80e6f837831f38d314a0495500067cb25afab2e8d7a4018",
                "sha256:607774cbba28732bfa802b54baa7484215f530991055bb562efbed5b2f20a45e",
                "sha256:6c78645d400265a062508ae399b60b8c167bf003db364ecb26dcab2bda048253",
                "sha256:74c1485f7707cf707a7aef42ef6322b8f97921bd89be2ab6317fd782c2d53183",
                "sha256:8c1be557ee92a20f184922c7b6424e8ab6691788e6d86137c5d93c1a6ec1b8fb",
                "sha256:bb4191dfc9306777bc594117aee052446b3fa88737cd13b7188d0e7aa8162185",
                "sha256:c20cfa2d49991c8b4147af39859b167664f2ad4561704ee74c1de03318e898db",
                "sha256:d2d9808ea7b4af864f35ea216be506ecec180628aced0704e34aca0b040ffe46",
                "sha256:dd5de0646207f053eb0d6c74ae45ba98c3395a571a2891858e87df7c9b9bd51b",
                "sha256:e1d4970ea66be07ae37a3c2e48b5ec63f7ba6804bdddfdbd3cfd954d25a82e63",
                "sha256:e4fac90784481d221a8e4b1162afa7c47ed953be40d31ab4629ae917510051df",
                "sha256:fa5ae20527d8e831e8230cbffd9f8fe952815b2b7dae6ffec25318803a7528fc"
            ],
            "markers": "python_version >= '2.7' and python_version not in '3.0, 3.1, 3.2, 3.3, 3.4, 3.5'",
            "version": "==5.4.1"
        },
        "redis": {
            "hashes": [
                "sha256:0e7e0cfca8660dea8b7d5cd8c4f6c5e29e11f31158c0b0ae91a397f00e5a05a2",
                "sha256:432b788c4530cfe16d8d943a09d40ca6c16149727e4afe8c2c9d5580c59d9f24"
            ],
            "index": "pypi",
            "version": "==3.5.3"
        },
        "requests": {
            "hashes": [
                "sha256:27973dd4a904a4f13b263a19c866c13b92a39ed1c964655f025f3f8d3d75b804",
                "sha256:c210084e36a42ae6b9219e00e48287def368a26d03a048ddad7bfee44f75871e"
            ],
            "index": "pypi",
            "version": "==2.25.1"
        },
        "s3transfer": {
            "hashes": [
                "sha256:1e28620e5b444652ed752cf87c7e0cb15b0e578972568c6609f0f18212f259ed",
                "sha256:7fdddb4f22275cf1d32129e21f056337fd2a80b6ccef1664528145b72c49e6d2"
            ],
            "version": "==0.3.4"
        },
        "six": {
            "hashes": [
                "sha256:30639c035cdb23534cd4aa2dd52c3bf48f06e5f4a941509c8bafd8ce11080259",
                "sha256:8b74bedcbbbaca38ff6d7491d76f2b06b3592611af620f8426e82dddb04a5ced"
            ],
            "markers": "python_version >= '2.7' and python_version not in '3.0, 3.1, 3.2, 3.3'",
            "version": "==1.15.0"
        },
        "sqlalchemy": {
            "hashes": [
                "sha256:040bdfc1d76a9074717a3f43455685f781c581f94472b010cd6c4754754e1862",
                "sha256:1fe5d8d39118c2b018c215c37b73fd6893c3e1d4895be745ca8ff6eb83333ed3",
                "sha256:23927c3981d1ec6b4ea71eb99d28424b874d9c696a21e5fbd9fa322718be3708",
                "sha256:24f9569e82a009a09ce2d263559acb3466eba2617203170e4a0af91e75b4f075",
                "sha256:2578dbdbe4dbb0e5126fb37ffcd9793a25dcad769a95f171a2161030bea850ff",
                "sha256:269990b3ab53cb035d662dcde51df0943c1417bdab707dc4a7e4114a710504b4",
                "sha256:29cccc9606750fe10c5d0e8bd847f17a97f3850b8682aef1f56f5d5e1a5a64b1",
                "sha256:37b83bf81b4b85dda273aaaed5f35ea20ad80606f672d94d2218afc565fb0173",
                "sha256:63677d0c08524af4c5893c18dbe42141de7178001360b3de0b86217502ed3601",
                "sha256:639940bbe1108ac667dcffc79925db2966826c270112e9159439ab6bb14f8d80",
                "sha256:6a939a868fdaa4b504e8b9d4a61f21aac11e3fecc8a8214455e144939e3d2aea",
                "sha256:6b8b8c80c7f384f06825612dd078e4a31f0185e8f1f6b8c19e188ff246334205",
                "sha256:6c9e6cc9237de5660bcddea63f332428bb83c8e2015c26777281f7ffbd2efb84",
                "sha256:6ec1044908414013ebfe363450c22f14698803ce97fbb47e53284d55c5165848",
                "sha256:6fca33672578666f657c131552c4ef8979c1606e494f78cd5199742dfb26918b",
                "sha256:751934967f5336a3e26fc5993ccad1e4fee982029f9317eb6153bc0bc3d2d2da",
                "sha256:8be835aac18ec85351385e17b8665bd4d63083a7160a017bef3d640e8e65cadb",
                "sha256:927ce09e49bff3104459e1451ce82983b0a3062437a07d883a4c66f0b344c9b5",
                "sha256:94208867f34e60f54a33a37f1c117251be91a47e3bfdb9ab8a7847f20886ad06",
                "sha256:94f667d86be82dd4cb17d08de0c3622e77ca865320e0b95eae6153faa7b4ecaf",
                "sha256:9e9c25522933e569e8b53ccc644dc993cab87e922fb7e142894653880fdd419d",
                "sha256:a0e306e9bb76fd93b29ae3a5155298e4c1b504c7cbc620c09c20858d32d16234",
                "sha256:a8bfc1e1afe523e94974132d7230b82ca7fa2511aedde1f537ec54db0399541a",
                "sha256:ac2244e64485c3778f012951fdc869969a736cd61375fde6096d08850d8be729",
                "sha256:b4b0e44d586cd64b65b507fa116a3814a1a53d55dce4836d7c1a6eb2823ff8d1",
                "sha256:baeb451ee23e264de3f577fee5283c73d9bbaa8cb921d0305c0bbf700094b65b",
                "sha256:c7dc052432cd5d060d7437e217dd33c97025287f99a69a50e2dc1478dd610d64",
                "sha256:d1a85dfc5dee741bf49cb9b6b6b8d2725a268e4992507cf151cba26b17d97c37",
                "sha256:d90010304abb4102123d10cbad2cdf2c25a9f2e66a50974199b24b468509bad5",
                "sha256:ddfb511e76d016c3a160910642d57f4587dc542ce5ee823b0d415134790eeeb9",
                "sha256:e273367f4076bd7b9a8dc2e771978ef2bfd6b82526e80775a7db52bff8ca01dd",
                "sha256:e5bb3463df697279e5459a7316ad5a60b04b0107f9392e88674d0ece70e9cf70",
                "sha256:e8a1750b44ad6422ace82bf3466638f1aa0862dbb9689690d5f2f48cce3476c8",
                "sha256:eab063a70cca4a587c28824e18be41d8ecc4457f8f15b2933584c6c6cccd30f0",
                "sha256:ecce8c021894a77d89808222b1ff9687ad84db54d18e4bd0500ca766737faaf6",
                "sha256:f4d972139d5000105fcda9539a76452039434013570d6059993120dc2a65e447",
                "sha256:fd3b96f8c705af8e938eaa99cbd8fd1450f632d38cad55e7367c33b263bf98ec",
                "sha256:fdd2ed7395df8ac2dbb10cefc44737b66c6a5cd7755c92524733d7a443e5b7e2"
            ],
            "index": "pypi",
            "version": "==1.3.23"
        },
        "sqlalchemy-utils": {
            "hashes": [
                "sha256:fb66e9956e41340011b70b80f898fde6064ec1817af77199ee21ace71d7d6ab0"
            ],
            "index": "pypi",
            "version": "==0.36.8"
        },
        "strict-rfc3339": {
            "hashes": [
                "sha256:5cad17bedfc3af57b399db0fed32771f18fc54bbd917e85546088607ac5e1277"
            ],
            "version": "==0.7"
        },
        "swagger-ui-bundle": {
            "hashes": [
                "sha256:f5255f786cde67a2638111f4a7d04355836743198a83c4ecbe815d9fc384b0c8",
                "sha256:f5691167f2e9f73ecbe8229a89454ae5ea958f90bb0d4583ed7adaae598c4122"
            ],
            "index": "pypi",
            "version": "==0.0.8"
        },
        "termcolor": {
            "hashes": [
                "sha256:1d6d69ce66211143803fbc56652b41d73b4a400a2891d7bf7a1cdf4c02de613b"
            ],
            "version": "==1.1.0"
        },
        "tqdm": {
            "hashes": [
                "sha256:65185676e9fdf20d154cffd1c5de8e39ef9696ff7e59fe0156b1b08e468736af",
                "sha256:70657337ec104eb4f3fb229285358f23f045433f6aea26846cdd55f0fd68945c"
            ],
            "markers": "python_version >= '2.7' and python_version not in '3.0, 3.1, 3.2, 3.3'",
            "version": "==4.57.0"
        },
        "urllib3": {
            "hashes": [
                "sha256:19188f96923873c92ccb987120ec4acaa12f0461fa9ce5d3d0772bc965a39e08",
                "sha256:d8ff90d979214d7b4f8ce956e80f4028fc6860e4431f731ea4a8c08f23f99473"
            ],
            "index": "pypi",
            "version": "==1.26.2"
        },
        "werkzeug": {
            "hashes": [
                "sha256:2de2a5db0baeae7b2d2664949077c2ac63fbd16d98da0ff71837f7d1dea3fd43",
                "sha256:6c80b1e5ad3665290ea39320b91e1be1e0d5f60652b964a3070216de83d2e47c"
            ],
            "markers": "python_version >= '2.7' and python_version not in '3.0, 3.1, 3.2, 3.3, 3.4'",
            "version": "==1.0.1"
        }
    },
    "develop": {}
}
